
Microsoft Visual Studio Solution File, Format Version 12.00
# Visual Studio Version 16
VisualStudioVersion = 16.0.32630.194
MinimumVisualStudioVersion = 10.0.40219.1
Project("{FAE04EC0-301F-11D3-BF4B-00C04F79EFBC}") = "KineticEnergy", "KineticEnergy.csproj", "{160B165B-610B-4653-95F7-CB727A093291}"
EndProject
Global
	GlobalSection(SolutionConfigurationPlatforms) = preSolution
		Debug|Any CPU = Debug|Any CPU
		Release|Any CPU = Release|Any CPU
	EndGlobalSection
	GlobalSection(ProjectConfigurationPlatforms) = postSolution
		{160B165B-610B-4653-95F7-CB727A093291}.Debug|Any CPU.ActiveCfg = Debug|Any CPU
		{160B165B-610B-4653-95F7-CB727A093291}.Debug|Any CPU.Build.0 = Debug|Any CPU
		{160B165B-610B-4653-95F7-CB727A093291}.Release|Any CPU.ActiveCfg = Release|Any CPU
		{160B165B-610B-4653-95F7-CB727A093291}.Release|Any CPU.Build.0 = Release|Any CPU
	EndGlobalSection
	GlobalSection(SolutionProperties) = preSolution
		HideSolutionNode = FALSE
	EndGlobalSection
	GlobalSection(ExtensibilityGlobals) = postSolution
		SolutionGuid = {7C7CF787-4D7E-4E6D-B7FB-44AAA1C1F5C4}
	EndGlobalSection
EndGlobal
