
Microsoft Visual Studio Solution File, Format Version 12.00
# Visual Studio Version 16
VisualStudioVersion = 16.0.32630.194
MinimumVisualStudioVersion = 10.0.40219.1
Project("{FAE04EC0-301F-11D3-BF4B-00C04F79EFBC}") = "House Price Analysis", "House Price Analysis.csproj", "{BA2509C0-2A49-4078-8B28-2B7560A85689}"
EndProject
Global
	GlobalSection(SolutionConfigurationPlatforms) = preSolution
		Debug|Any CPU = Debug|Any CPU
		Release|Any CPU = Release|Any CPU
	EndGlobalSection
	GlobalSection(ProjectConfigurationPlatforms) = postSolution
		{BA2509C0-2A49-4078-8B28-2B7560A85689}.Debug|Any CPU.ActiveCfg = Debug|Any CPU
		{BA2509C0-2A49-4078-8B28-2B7560A85689}.Debug|Any CPU.Build.0 = Debug|Any CPU
		{BA2509C0-2A49-4078-8B28-2B7560A85689}.Release|Any CPU.ActiveCfg = Release|Any CPU
		{BA2509C0-2A49-4078-8B28-2B7560A85689}.Release|Any CPU.Build.0 = Release|Any CPU
	EndGlobalSection
	GlobalSection(SolutionProperties) = preSolution
		HideSolutionNode = FALSE
	EndGlobalSection
	GlobalSection(ExtensibilityGlobals) = postSolution
		SolutionGuid = {FB1DFE73-8984-4940-B54E-D7959C933A56}
	EndGlobalSection
EndGlobal
