
Microsoft Visual Studio Solution File, Format Version 12.00
# Visual Studio Version 16
VisualStudioVersion = 16.0.32630.194
MinimumVisualStudioVersion = 10.0.40219.1
Project("{FAE04EC0-301F-11D3-BF4B-00C04F79EFBC}") = "Celsius to Fahrenheit Table", "Celsius to Fahrenheit Table\Celsius to Fahrenheit Table.csproj", "{3121F11E-C489-4C5B-97CA-ECD5FD0716CA}"
EndProject
Global
	GlobalSection(SolutionConfigurationPlatforms) = preSolution
		Debug|Any CPU = Debug|Any CPU
		Release|Any CPU = Release|Any CPU
	EndGlobalSection
	GlobalSection(ProjectConfigurationPlatforms) = postSolution
		{3121F11E-C489-4C5B-97CA-ECD5FD0716CA}.Debug|Any CPU.ActiveCfg = Debug|Any CPU
		{3121F11E-C489-4C5B-97CA-ECD5FD0716CA}.Debug|Any CPU.Build.0 = Debug|Any CPU
		{3121F11E-C489-4C5B-97CA-ECD5FD0716CA}.Release|Any CPU.ActiveCfg = Release|Any CPU
		{3121F11E-C489-4C5B-97CA-ECD5FD0716CA}.Release|Any CPU.Build.0 = Release|Any CPU
	EndGlobalSection
	GlobalSection(SolutionProperties) = preSolution
		HideSolutionNode = FALSE
	EndGlobalSection
	GlobalSection(ExtensibilityGlobals) = postSolution
		SolutionGuid = {A8A59EEE-ABE4-46DC-B77C-8A3286615C79}
	EndGlobalSection
EndGlobal
