
Microsoft Visual Studio Solution File, Format Version 12.00
# Visual Studio Version 16
VisualStudioVersion = 16.0.32630.194
MinimumVisualStudioVersion = 10.0.40219.1
Project("{FAE04EC0-301F-11D3-BF4B-00C04F79EFBC}") = "Gas Prices", "Gas Prices.csproj", "{D92AC245-128F-443D-A20B-8D1EB87FF12D}"
EndProject
Global
	GlobalSection(SolutionConfigurationPlatforms) = preSolution
		Debug|Any CPU = Debug|Any CPU
		Release|Any CPU = Release|Any CPU
	EndGlobalSection
	GlobalSection(ProjectConfigurationPlatforms) = postSolution
		{D92AC245-128F-443D-A20B-8D1EB87FF12D}.Debug|Any CPU.ActiveCfg = Debug|Any CPU
		{D92AC245-128F-443D-A20B-8D1EB87FF12D}.Debug|Any CPU.Build.0 = Debug|Any CPU
		{D92AC245-128F-443D-A20B-8D1EB87FF12D}.Release|Any CPU.ActiveCfg = Release|Any CPU
		{D92AC245-128F-443D-A20B-8D1EB87FF12D}.Release|Any CPU.Build.0 = Release|Any CPU
	EndGlobalSection
	GlobalSection(SolutionProperties) = preSolution
		HideSolutionNode = FALSE
	EndGlobalSection
	GlobalSection(ExtensibilityGlobals) = postSolution
		SolutionGuid = {0C050069-A536-462E-9F3B-C663CF5EC2F6}
	EndGlobalSection
EndGlobal
