
Microsoft Visual Studio Solution File, Format Version 12.00
# Visual Studio Version 16
VisualStudioVersion = 16.0.32630.194
MinimumVisualStudioVersion = 10.0.40219.1
Project("{FAE04EC0-301F-11D3-BF4B-00C04F79EFBC}") = "List Manipulator", "List Manipulator.csproj", "{3E9C5CE8-3CF2-4F6A-8831-A57948C454CC}"
EndProject
Global
	GlobalSection(SolutionConfigurationPlatforms) = preSolution
		Debug|Any CPU = Debug|Any CPU
		Release|Any CPU = Release|Any CPU
	EndGlobalSection
	GlobalSection(ProjectConfigurationPlatforms) = postSolution
		{3E9C5CE8-3CF2-4F6A-8831-A57948C454CC}.Debug|Any CPU.ActiveCfg = Debug|Any CPU
		{3E9C5CE8-3CF2-4F6A-8831-A57948C454CC}.Debug|Any CPU.Build.0 = Debug|Any CPU
		{3E9C5CE8-3CF2-4F6A-8831-A57948C454CC}.Release|Any CPU.ActiveCfg = Release|Any CPU
		{3E9C5CE8-3CF2-4F6A-8831-A57948C454CC}.Release|Any CPU.Build.0 = Release|Any CPU
	EndGlobalSection
	GlobalSection(SolutionProperties) = preSolution
		HideSolutionNode = FALSE
	EndGlobalSection
	GlobalSection(ExtensibilityGlobals) = postSolution
		SolutionGuid = {77923662-4126-49CA-BA48-2A36569F0737}
	EndGlobalSection
EndGlobal
